
Microsoft Visual Studio Solution File, Format Version 12.00
# Visual Studio Version 16
VisualStudioVersion = 16.0.29411.108
MinimumVisualStudioVersion = 10.0.40219.1
Project("{9A19103F-16F7-4668-BE54-9A1E7A4F7556}") = "BinaryTree", "BinaryTree\BinaryTree.csproj", "{7D78CB5C-D8AD-43B3-A72F-3707F2EF167B}"
EndProject
Project("{FAE04EC0-301F-11D3-BF4B-00C04F79EFBC}") = "BinaryTreeTests", "BinaryTreeTests\BinaryTreeTests.csproj", "{D6621E43-B067-48DE-9E0F-C889EAAF7D66}"
EndProject
Project("{FAE04EC0-301F-11D3-BF4B-00C04F79EFBC}") = "WordSorter", "WordSorter\WordSorter.csproj", "{5B6DC29B-CEAB-4A4B-80BA-8A43E80FC3E7}"
EndProject
Global
	GlobalSection(SolutionConfigurationPlatforms) = preSolution
		Debug|Any CPU = Debug|Any CPU
		Release|Any CPU = Release|Any CPU
	EndGlobalSection
	GlobalSection(ProjectConfigurationPlatforms) = postSolution
		{7D78CB5C-D8AD-43B3-A72F-3707F2EF167B}.Debug|Any CPU.ActiveCfg = Debug|Any CPU
		{7D78CB5C-D8AD-43B3-A72F-3707F2EF167B}.Debug|Any CPU.Build.0 = Debug|Any CPU
		{7D78CB5C-D8AD-43B3-A72F-3707F2EF167B}.Release|Any CPU.ActiveCfg = Release|Any CPU
		{7D78CB5C-D8AD-43B3-A72F-3707F2EF167B}.Release|Any CPU.Build.0 = Release|Any CPU
		{D6621E43-B067-48DE-9E0F-C889EAAF7D66}.Debug|Any CPU.ActiveCfg = Debug|Any CPU
		{D6621E43-B067-48DE-9E0F-C889EAAF7D66}.Debug|Any CPU.Build.0 = Debug|Any CPU
		{D6621E43-B067-48DE-9E0F-C889EAAF7D66}.Release|Any CPU.ActiveCfg = Release|Any CPU
		{D6621E43-B067-48DE-9E0F-C889EAAF7D66}.Release|Any CPU.Build.0 = Release|Any CPU
		{5B6DC29B-CEAB-4A4B-80BA-8A43E80FC3E7}.Debug|Any CPU.ActiveCfg = Debug|Any CPU
		{5B6DC29B-CEAB-4A4B-80BA-8A43E80FC3E7}.Debug|Any CPU.Build.0 = Debug|Any CPU
		{5B6DC29B-CEAB-4A4B-80BA-8A43E80FC3E7}.Release|Any CPU.ActiveCfg = Release|Any CPU
		{5B6DC29B-CEAB-4A4B-80BA-8A43E80FC3E7}.Release|Any CPU.Build.0 = Release|Any CPU
	EndGlobalSection
	GlobalSection(SolutionProperties) = preSolution
		HideSolutionNode = FALSE
	EndGlobalSection
	GlobalSection(ExtensibilityGlobals) = postSolution
		SolutionGuid = {4BD6D8C7-F9CB-4760-8CDF-004F26E2B124}
	EndGlobalSection
EndGlobal
