
Microsoft Visual Studio Solution File, Format Version 12.00
# Visual Studio Version 16
VisualStudioVersion = 16.0.29411.108
MinimumVisualStudioVersion = 10.0.40219.1
Project("{FAE04EC0-301F-11D3-BF4B-00C04F79EFBC}") = "NodeChains", "NodeChains\NodeChains.csproj", "{88A30C63-9AD0-4330-9803-B55BB448D95A}"
EndProject
Project("{FAE04EC0-301F-11D3-BF4B-00C04F79EFBC}") = "LinkedList", "LinkedList\LinkedList.csproj", "{4D47603C-6AC4-4D95-B1A6-1E6BE7DC7341}"
EndProject
Project("{FAE04EC0-301F-11D3-BF4B-00C04F79EFBC}") = "LinkedList.Tests", "LinkedList.Tests\LinkedList.Tests.csproj", "{2EEBB9D0-3B12-4443-BCAD-DE8980FCE546}"
EndProject
Project("{FAE04EC0-301F-11D3-BF4B-00C04F79EFBC}") = "DoublyLinkedList", "DoublyLinkedList\DoublyLinkedList.csproj", "{DA7F9F47-B813-4099-94E0-1F0843194302}"
EndProject
Global
	GlobalSection(SolutionConfigurationPlatforms) = preSolution
		Debug|Any CPU = Debug|Any CPU
		Debug|x64 = Debug|x64
		Debug|x86 = Debug|x86
		Release|Any CPU = Release|Any CPU
		Release|x64 = Release|x64
		Release|x86 = Release|x86
	EndGlobalSection
	GlobalSection(ProjectConfigurationPlatforms) = postSolution
		{88A30C63-9AD0-4330-9803-B55BB448D95A}.Debug|Any CPU.ActiveCfg = Debug|x64
		{88A30C63-9AD0-4330-9803-B55BB448D95A}.Debug|Any CPU.Build.0 = Debug|x64
		{88A30C63-9AD0-4330-9803-B55BB448D95A}.Debug|x64.ActiveCfg = Debug|x64
		{88A30C63-9AD0-4330-9803-B55BB448D95A}.Debug|x64.Build.0 = Debug|x64
		{88A30C63-9AD0-4330-9803-B55BB448D95A}.Debug|x86.ActiveCfg = Debug|x64
		{88A30C63-9AD0-4330-9803-B55BB448D95A}.Release|Any CPU.ActiveCfg = Release|x64
		{88A30C63-9AD0-4330-9803-B55BB448D95A}.Release|x64.ActiveCfg = Release|x64
		{88A30C63-9AD0-4330-9803-B55BB448D95A}.Release|x64.Build.0 = Release|x64
		{88A30C63-9AD0-4330-9803-B55BB448D95A}.Release|x86.ActiveCfg = Release|x64
		{4D47603C-6AC4-4D95-B1A6-1E6BE7DC7341}.Debug|Any CPU.ActiveCfg = Debug|Any CPU
		{4D47603C-6AC4-4D95-B1A6-1E6BE7DC7341}.Debug|Any CPU.Build.0 = Debug|Any CPU
		{4D47603C-6AC4-4D95-B1A6-1E6BE7DC7341}.Debug|x64.ActiveCfg = Debug|Any CPU
		{4D47603C-6AC4-4D95-B1A6-1E6BE7DC7341}.Debug|x64.Build.0 = Debug|Any CPU
		{4D47603C-6AC4-4D95-B1A6-1E6BE7DC7341}.Debug|x86.ActiveCfg = Debug|Any CPU
		{4D47603C-6AC4-4D95-B1A6-1E6BE7DC7341}.Debug|x86.Build.0 = Debug|Any CPU
		{4D47603C-6AC4-4D95-B1A6-1E6BE7DC7341}.Release|Any CPU.ActiveCfg = Release|Any CPU
		{4D47603C-6AC4-4D95-B1A6-1E6BE7DC7341}.Release|Any CPU.Build.0 = Release|Any CPU
		{4D47603C-6AC4-4D95-B1A6-1E6BE7DC7341}.Release|x64.ActiveCfg = Release|Any CPU
		{4D47603C-6AC4-4D95-B1A6-1E6BE7DC7341}.Release|x64.Build.0 = Release|Any CPU
		{4D47603C-6AC4-4D95-B1A6-1E6BE7DC7341}.Release|x86.ActiveCfg = Release|Any CPU
		{4D47603C-6AC4-4D95-B1A6-1E6BE7DC7341}.Release|x86.Build.0 = Release|Any CPU
		{2EEBB9D0-3B12-4443-BCAD-DE8980FCE546}.Debug|Any CPU.ActiveCfg = Debug|Any CPU
		{2EEBB9D0-3B12-4443-BCAD-DE8980FCE546}.Debug|Any CPU.Build.0 = Debug|Any CPU
		{2EEBB9D0-3B12-4443-BCAD-DE8980FCE546}.Debug|x64.ActiveCfg = Debug|Any CPU
		{2EEBB9D0-3B12-4443-BCAD-DE8980FCE546}.Debug|x64.Build.0 = Debug|Any CPU
		{2EEBB9D0-3B12-4443-BCAD-DE8980FCE546}.Debug|x86.ActiveCfg = Debug|Any CPU
		{2EEBB9D0-3B12-4443-BCAD-DE8980FCE546}.Debug|x86.Build.0 = Debug|Any CPU
		{2EEBB9D0-3B12-4443-BCAD-DE8980FCE546}.Release|Any CPU.ActiveCfg = Release|Any CPU
		{2EEBB9D0-3B12-4443-BCAD-DE8980FCE546}.Release|Any CPU.Build.0 = Release|Any CPU
		{2EEBB9D0-3B12-4443-BCAD-DE8980FCE546}.Release|x64.ActiveCfg = Release|Any CPU
		{2EEBB9D0-3B12-4443-BCAD-DE8980FCE546}.Release|x64.Build.0 = Release|Any CPU
		{2EEBB9D0-3B12-4443-BCAD-DE8980FCE546}.Release|x86.ActiveCfg = Release|Any CPU
		{2EEBB9D0-3B12-4443-BCAD-DE8980FCE546}.Release|x86.Build.0 = Release|Any CPU
		{DA7F9F47-B813-4099-94E0-1F0843194302}.Debug|Any CPU.ActiveCfg = Debug|Any CPU
		{DA7F9F47-B813-4099-94E0-1F0843194302}.Debug|Any CPU.Build.0 = Debug|Any CPU
		{DA7F9F47-B813-4099-94E0-1F0843194302}.Debug|x64.ActiveCfg = Debug|Any CPU
		{DA7F9F47-B813-4099-94E0-1F0843194302}.Debug|x64.Build.0 = Debug|Any CPU
		{DA7F9F47-B813-4099-94E0-1F0843194302}.Debug|x86.ActiveCfg = Debug|Any CPU
		{DA7F9F47-B813-4099-94E0-1F0843194302}.Debug|x86.Build.0 = Debug|Any CPU
		{DA7F9F47-B813-4099-94E0-1F0843194302}.Release|Any CPU.ActiveCfg = Release|Any CPU
		{DA7F9F47-B813-4099-94E0-1F0843194302}.Release|Any CPU.Build.0 = Release|Any CPU
		{DA7F9F47-B813-4099-94E0-1F0843194302}.Release|x64.ActiveCfg = Release|Any CPU
		{DA7F9F47-B813-4099-94E0-1F0843194302}.Release|x64.Build.0 = Release|Any CPU
		{DA7F9F47-B813-4099-94E0-1F0843194302}.Release|x86.ActiveCfg = Release|Any CPU
		{DA7F9F47-B813-4099-94E0-1F0843194302}.Release|x86.Build.0 = Release|Any CPU
	EndGlobalSection
	GlobalSection(SolutionProperties) = preSolution
		HideSolutionNode = FALSE
	EndGlobalSection
	GlobalSection(ExtensibilityGlobals) = postSolution
		SolutionGuid = {B050C77F-C550-4E88-B26D-F36306819F26}
	EndGlobalSection
	GlobalSection(TestCaseManagementSettings) = postSolution
		CategoryFile = FileLogger.vsmdi
	EndGlobalSection
EndGlobal
