
Microsoft Visual Studio Solution File, Format Version 12.00
# Visual Studio Version 16
VisualStudioVersion = 16.0.29503.13
MinimumVisualStudioVersion = 10.0.40219.1
Project("{FAE04EC0-301F-11D3-BF4B-00C04F79EFBC}") = "Topical Assignment 10 - Connect Four", "Topical Assignment 10 - Connect Four\Topical Assignment 10 - Connect Four.csproj", "{827F4B56-48CD-4B01-8B35-3E475D806741}"
EndProject
Global
	GlobalSection(SolutionConfigurationPlatforms) = preSolution
		Debug|Any CPU = Debug|Any CPU
		Release|Any CPU = Release|Any CPU
	EndGlobalSection
	GlobalSection(ProjectConfigurationPlatforms) = postSolution
		{827F4B56-48CD-4B01-8B35-3E475D806741}.Debug|Any CPU.ActiveCfg = Debug|Any CPU
		{827F4B56-48CD-4B01-8B35-3E475D806741}.Debug|Any CPU.Build.0 = Debug|Any CPU
		{827F4B56-48CD-4B01-8B35-3E475D806741}.Release|Any CPU.ActiveCfg = Release|Any CPU
		{827F4B56-48CD-4B01-8B35-3E475D806741}.Release|Any CPU.Build.0 = Release|Any CPU
	EndGlobalSection
	GlobalSection(SolutionProperties) = preSolution
		HideSolutionNode = FALSE
	EndGlobalSection
	GlobalSection(ExtensibilityGlobals) = postSolution
		SolutionGuid = {C8BEAD27-9643-4B36-8D5C-BE3E251D5903}
	EndGlobalSection
EndGlobal
